// !$*UTF8*$!
{
	archiveVersion = 1;
	classes = {
	};
	objectVersion = 56;
	objects = {

/* Begin PBXBuildFile section */
		881131C729E53F080053C02A /* DetailViewController.swift in Sources */ = {isa = PBXBuildFile; fileRef = 881131C629E53F080053C02A /* DetailViewController.swift */; };
		886FF4D229E53D75000C7F6B /* AppDelegate.swift in Sources */ = {isa = PBXBuildFile; fileRef = 886FF4D129E53D75000C7F6B /* AppDelegate.swift */; };
		886FF4D429E53D75000C7F6B /* SceneDelegate.swift in Sources */ = {isa = PBXBuildFile; fileRef = 886FF4D329E53D75000C7F6B /* SceneDelegate.swift */; };
		886FF4D929E53D75000C7F6B /* Main.storyboard in Resources */ = {isa = PBXBuildFile; fileRef = 886FF4D729E53D75000C7F6B /* Main.storyboard */; };
		886FF4DB29E53D76000C7F6B /* Assets.xcassets in Resources */ = {isa = PBXBuildFile; fileRef = 886FF4DA29E53D76000C7F6B /* Assets.xcassets */; };
		886FF4DE29E53D76000C7F6B /* LaunchScreen.storyboard in Resources */ = {isa = PBXBuildFile; fileRef = 886FF4DC29E53D76000C7F6B /* LaunchScreen.storyboard */; };
		886FF4FC29E53E3C000C7F6B /* ImageCache.swift in Sources */ = {isa = PBXBuildFile; fileRef = 886FF4FB29E53E3C000C7F6B /* ImageCache.swift */; };
		886FF4FE29E53E4D000C7F6B /* APIManager.swift in Sources */ = {isa = PBXBuildFile; fileRef = 886FF4FD29E53E4D000C7F6B /* APIManager.swift */; };
		886FF50229E53E69000C7F6B /* HomeViewController.swift in Sources */ = {isa = PBXBuildFile; fileRef = 886FF50129E53E69000C7F6B /* HomeViewController.swift */; };
		886FF50529E53E7E000C7F6B /* Dessert.swift in Sources */ = {isa = PBXBuildFile; fileRef = 886FF50429E53E7E000C7F6B /* Dessert.swift */; };
		886FF50729E53E88000C7F6B /* DessertDetails.swift in Sources */ = {isa = PBXBuildFile; fileRef = 886FF50629E53E88000C7F6B /* DessertDetails.swift */; };
/* End PBXBuildFile section */

/* Begin PBXFileReference section */
		881131C629E53F080053C02A /* DetailViewController.swift */ = {isa = PBXFileReference; lastKnownFileType = sourcecode.swift; path = DetailViewController.swift; sourceTree = "<group>"; };
		886FF4CE29E53D75000C7F6B /* RecipEase.app */ = {isa = PBXFileReference; explicitFileType = wrapper.application; includeInIndex = 0; path = RecipEase.app; sourceTree = BUILT_PRODUCTS_DIR; };
		886FF4D129E53D75000C7F6B /* AppDelegate.swift */ = {isa = PBXFileReference; lastKnownFileType = sourcecode.swift; path = AppDelegate.swift; sourceTree = "<group>"; };
		886FF4D329E53D75000C7F6B /* SceneDelegate.swift */ = {isa = PBXFileReference; lastKnownFileType = sourcecode.swift; path = SceneDelegate.swift; sourceTree = "<group>"; };
		886FF4D829E53D75000C7F6B /* Base */ = {isa = PBXFileReference; lastKnownFileType = file.storyboard; name = Base; path = Base.lproj/Main.storyboard; sourceTree = "<group>"; };
		886FF4DA29E53D76000C7F6B /* Assets.xcassets */ = {isa = PBXFileReference; lastKnownFileType = folder.assetcatalog; path = Assets.xcassets; sourceTree = "<group>"; };
		886FF4DD29E53D76000C7F6B /* Base */ = {isa = PBXFileReference; lastKnownFileType = file.storyboard; name = Base; path = Base.lproj/LaunchScreen.storyboard; sourceTree = "<group>"; };
		886FF4DF29E53D76000C7F6B /* Info.plist */ = {isa = PBXFileReference; lastKnownFileType = text.plist.xml; path = Info.plist; sourceTree = "<group>"; };
		886FF4FB29E53E3C000C7F6B /* ImageCache.swift */ = {isa = PBXFileReference; lastKnownFileType = sourcecode.swift; path = ImageCache.swift; sourceTree = "<group>"; };
		886FF4FD29E53E4D000C7F6B /* APIManager.swift */ = {isa = PBXFileReference; lastKnownFileType = sourcecode.swift; path = APIManager.swift; sourceTree = "<group>"; };
		886FF50129E53E69000C7F6B /* HomeViewController.swift */ = {isa = PBXFileReference; lastKnownFileType = sourcecode.swift; path = HomeViewController.swift; sourceTree = "<group>"; };
		886FF50429E53E7E000C7F6B /* Dessert.swift */ = {isa = PBXFileReference; lastKnownFileType = sourcecode.swift; path = Dessert.swift; sourceTree = "<group>"; };
		886FF50629E53E88000C7F6B /* DessertDetails.swift */ = {isa = PBXFileReference; lastKnownFileType = sourcecode.swift; path = DessertDetails.swift; sourceTree = "<group>"; };
/* End PBXFileReference section */

/* Begin PBXFrameworksBuildPhase section */
		886FF4CB29E53D75000C7F6B /* Frameworks */ = {
			isa = PBXFrameworksBuildPhase;
			buildActionMask = 2147483647;
			files = (
			);
			runOnlyForDeploymentPostprocessing = 0;
		};
/* End PBXFrameworksBuildPhase section */

/* Begin PBXGroup section */
		886FF4C529E53D75000C7F6B = {
			isa = PBXGroup;
			children = (
				886FF4D029E53D75000C7F6B /* RecipEase */,
				886FF4CF29E53D75000C7F6B /* Products */,
			);
			sourceTree = "<group>";
		};
		886FF4CF29E53D75000C7F6B /* Products */ = {
			isa = PBXGroup;
			children = (
				886FF4CE29E53D75000C7F6B /* RecipEase.app */,
			);
			name = Products;
			sourceTree = "<group>";
		};
		886FF4D029E53D75000C7F6B /* RecipEase */ = {
			isa = PBXGroup;
			children = (
				886FF50029E53E5E000C7F6B /* Models */,
				886FF4FF29E53E56000C7F6B /* ViewControllers */,
				886FF4D129E53D75000C7F6B /* AppDelegate.swift */,
				886FF4D329E53D75000C7F6B /* SceneDelegate.swift */,
				886FF4FB29E53E3C000C7F6B /* ImageCache.swift */,
				886FF4FD29E53E4D000C7F6B /* APIManager.swift */,
				886FF4D729E53D75000C7F6B /* Main.storyboard */,
				886FF4DA29E53D76000C7F6B /* Assets.xcassets */,
				886FF4DC29E53D76000C7F6B /* LaunchScreen.storyboard */,
				886FF4DF29E53D76000C7F6B /* Info.plist */,
			);
			path = RecipEase;
			sourceTree = "<group>";
		};
		886FF4FF29E53E56000C7F6B /* ViewControllers */ = {
			isa = PBXGroup;
			children = (
				886FF50129E53E69000C7F6B /* HomeViewController.swift */,
				881131C629E53F080053C02A /* DetailViewController.swift */,
			);
			path = ViewControllers;
			sourceTree = "<group>";
		};
		886FF50029E53E5E000C7F6B /* Models */ = {
			isa = PBXGroup;
			children = (
				886FF50429E53E7E000C7F6B /* Dessert.swift */,
				886FF50629E53E88000C7F6B /* DessertDetails.swift */,
			);
			path = Models;
			sourceTree = "<group>";
		};
/* End PBXGroup section */

/* Begin PBXNativeTarget section */
		886FF4CD29E53D75000C7F6B /* RecipEase */ = {
			isa = PBXNativeTarget;
			buildConfigurationList = 886FF4E229E53D76000C7F6B /* Build configuration list for PBXNativeTarget "RecipEase" */;
			buildPhases = (
				886FF4CA29E53D75000C7F6B /* Sources */,
				886FF4CB29E53D75000C7F6B /* Frameworks */,
				886FF4CC29E53D75000C7F6B /* Resources */,
			);
			buildRules = (
			);
			dependencies = (
			);
			name = RecipEase;
			productName = RecipEase;
			productReference = 886FF4CE29E53D75000C7F6B /* RecipEase.app */;
			productType = "com.apple.product-type.application";
		};
/* End PBXNativeTarget section */

/* Begin PBXProject section */
		886FF4C629E53D75000C7F6B /* Project object */ = {
			isa = PBXProject;
			attributes = {
				BuildIndependentTargetsInParallel = 1;
				LastSwiftUpdateCheck = 1420;
				LastUpgradeCheck = 1420;
				TargetAttributes = {
					886FF4CD29E53D75000C7F6B = {
						CreatedOnToolsVersion = 14.2;
					};
				};
			};
			buildConfigurationList = 886FF4C929E53D75000C7F6B /* Build configuration list for PBXProject "RecipEase" */;
			compatibilityVersion = "Xcode 14.0";
			developmentRegion = en;
			hasScannedForEncodings = 0;
			knownRegions = (
				en,
				Base,
			);
			mainGroup = 886FF4C529E53D75000C7F6B;
			productRefGroup = 886FF4CF29E53D75000C7F6B /* Products */;
			projectDirPath = "";
			projectRoot = "";
			targets = (
				886FF4CD29E53D75000C7F6B /* RecipEase */,
			);
		};
/* End PBXProject section */

/* Begin PBXResourcesBuildPhase section */
		886FF4CC29E53D75000C7F6B /* Resources */ = {
			isa = PBXResourcesBuildPhase;
			buildActionMask = 2147483647;
			files = (
				886FF4DE29E53D76000C7F6B /* LaunchScreen.storyboard in Resources */,
				886FF4DB29E53D76000C7F6B /* Assets.xcassets in Resources */,
				886FF4D929E53D75000C7F6B /* Main.storyboard in Resources */,
			);
			runOnlyForDeploymentPostprocessing = 0;
		};
/* End PBXResourcesBuildPhase section */

/* Begin PBXSourcesBuildPhase section */
		886FF4CA29E53D75000C7F6B /* Sources */ = {
			isa = PBXSourcesBuildPhase;
			buildActionMask = 2147483647;
			files = (
				881131C729E53F080053C02A /* DetailViewController.swift in Sources */,
				886FF4D229E53D75000C7F6B /* AppDelegate.swift in Sources */,
				886FF50529E53E7E000C7F6B /* Dessert.swift in Sources */,
				886FF4FE29E53E4D000C7F6B /* APIManager.swift in Sources */,
				886FF4FC29E53E3C000C7F6B /* ImageCache.swift in Sources */,
				886FF4D429E53D75000C7F6B /* SceneDelegate.swift in Sources */,
				886FF50229E53E69000C7F6B /* HomeViewController.swift in Sources */,
				886FF50729E53E88000C7F6B /* DessertDetails.swift in Sources */,
			);
			runOnlyForDeploymentPostprocessing = 0;
		};
/* End PBXSourcesBuildPhase section */

/* Begin PBXVariantGroup section */
		886FF4D729E53D75000C7F6B /* Main.storyboard */ = {
			isa = PBXVariantGroup;
			children = (
				886FF4D829E53D75000C7F6B /* Base */,
			);
			name = Main.storyboard;
			sourceTree = "<group>";
		};
		886FF4DC29E53D76000C7F6B /* LaunchScreen.storyboard */ = {
			isa = PBXVariantGroup;
			children = (
				886FF4DD29E53D76000C7F6B /* Base */,
			);
			name = LaunchScreen.storyboard;
			sourceTree = "<group>";
		};
/* End PBXVariantGroup section */

/* Begin XCBuildConfiguration section */
		886FF4E029E53D76000C7F6B /* Debug */ = {
			isa = XCBuildConfiguration;
			buildSettings = {
				ALWAYS_SEARCH_USER_PATHS = NO;
				CLANG_ANALYZER_NONNULL = YES;
				CLANG_ANALYZER_NUMBER_OBJECT_CONVERSION = YES_AGGRESSIVE;
				CLANG_CXX_LANGUAGE_STANDARD = "gnu++20";
				CLANG_ENABLE_MODULES = YES;
				CLANG_ENABLE_OBJC_ARC = YES;
				CLANG_ENABLE_OBJC_WEAK = YES;
				CLANG_WARN_BLOCK_CAPTURE_AUTORELEASING = YES;
				CLANG_WARN_BOOL_CONVERSION = YES;
				CLANG_WARN_COMMA = YES;
				CLANG_WARN_CONSTANT_CONVERSION = YES;
				CLANG_WARN_DEPRECATED_OBJC_IMPLEMENTATIONS = YES;
				CLANG_WARN_DIRECT_OBJC_ISA_USAGE = YES_ERROR;
				CLANG_WARN_DOCUMENTATION_COMMENTS = YES;
				CLANG_WARN_EMPTY_BODY = YES;
				CLANG_WARN_ENUM_CONVERSION = YES;
				CLANG_WARN_INFINITE_RECURSION = YES;
				CLANG_WARN_INT_CONVERSION = YES;
				CLANG_WARN_NON_LITERAL_NULL_CONVERSION = YES;
				CLANG_WARN_OBJC_IMPLICIT_RETAIN_SELF = YES;
				CLANG_WARN_OBJC_LITERAL_CONVERSION = YES;
				CLANG_WARN_OBJC_ROOT_CLASS = YES_ERROR;
				CLANG_WARN_QUOTED_INCLUDE_IN_FRAMEWORK_HEADER = YES;
				CLANG_WARN_RANGE_LOOP_ANALYSIS = YES;
				CLANG_WARN_STRICT_PROTOTYPES = YES;
				CLANG_WARN_SUSPICIOUS_MOVE = YES;
				CLANG_WARN_UNGUARDED_AVAILABILITY = YES_AGGRESSIVE;
				CLANG_WARN_UNREACHABLE_CODE = YES;
				CLANG_WARN__DUPLICATE_METHOD_MATCH = YES;
				COPY_PHASE_STRIP = NO;
				DEBUG_INFORMATION_FORMAT = dwarf;
				ENABLE_STRICT_OBJC_MSGSEND = YES;
				ENABLE_TESTABILITY = YES;
				GCC_C_LANGUAGE_STANDARD = gnu11;
				GCC_DYNAMIC_NO_PIC = NO;
				GCC_NO_COMMON_BLOCKS = YES;
				GCC_OPTIMIZATION_LEVEL = 0;
				GCC_PREPROCESSOR_DEFINITIONS = (
					"DEBUG=1",
					"$(inherited)",
				);
				GCC_WARN_64_TO_32_BIT_CONVERSION = YES;
				GCC_WARN_ABOUT_RETURN_TYPE = YES_ERROR;
				GCC_WARN_UNDECLARED_SELECTOR = YES;
				GCC_WARN_UNINITIALIZED_AUTOS = YES_AGGRESSIVE;
				GCC_WARN_UNUSED_FUNCTION = YES;
				GCC_WARN_UNUSED_VARIABLE = YES;
				IPHONEOS_DEPLOYMENT_TARGET = 16.2;
				MTL_ENABLE_DEBUG_INFO = INCLUDE_SOURCE;
				MTL_FAST_MATH = YES;
				ONLY_ACTIVE_ARCH = YES;
				SDKROOT = iphoneos;
				SWIFT_ACTIVE_COMPILATION_CONDITIONS = DEBUG;
				SWIFT_OPTIMIZATION_LEVEL = "-Onone";
			};
			name = Debug;
		};
		886FF4E129E53D76000C7F6B /* Release */ = {
			isa = XCBuildConfiguration;
			buildSettings = {
				ALWAYS_SEARCH_USER_PATHS = NO;
				CLANG_ANALYZER_NONNULL = YES;
				CLANG_ANALYZER_NUMBER_OBJECT_CONVERSION = YES_AGGRESSIVE;
				CLANG_CXX_LANGUAGE_STANDARD = "gnu++20";
				CLANG_ENABLE_MODULES = YES;
				CLANG_ENABLE_OBJC_ARC = YES;
				CLANG_ENABLE_OBJC_WEAK = YES;
				CLANG_WARN_BLOCK_CAPTURE_AUTORELEASING = YES;
				CLANG_WARN_BOOL_CONVERSION = YES;
				CLANG_WARN_COMMA = YES;
				CLANG_WARN_CONSTANT_CONVERSION = YES;
				CLANG_WARN_DEPRECATED_OBJC_IMPLEMENTATIONS = YES;
				CLANG_WARN_DIRECT_OBJC_ISA_USAGE = YES_ERROR;
				CLANG_WARN_DOCUMENTATION_COMMENTS = YES;
				CLANG_WARN_EMPTY_BODY = YES;
				CLANG_WARN_ENUM_CONVERSION = YES;
				CLANG_WARN_INFINITE_RECURSION = YES;
				CLANG_WARN_INT_CONVERSION = YES;
				CLANG_WARN_NON_LITERAL_NULL_CONVERSION = YES;
				CLANG_WARN_OBJC_IMPLICIT_RETAIN_SELF = YES;
				CLANG_WARN_OBJC_LITERAL_CONVERSION = YES;
				CLANG_WARN_OBJC_ROOT_CLASS = YES_ERROR;
				CLANG_WARN_QUOTED_INCLUDE_IN_FRAMEWORK_HEADER = YES;
				CLANG_WARN_RANGE_LOOP_ANALYSIS = YES;
				CLANG_WARN_STRICT_PROTOTYPES = YES;
				CLANG_WARN_SUSPICIOUS_MOVE = YES;
				CLANG_WARN_UNGUARDED_AVAILABILITY = YES_AGGRESSIVE;
				CLANG_WARN_UNREACHABLE_CODE = YES;
				CLANG_WARN__DUPLICATE_METHOD_MATCH = YES;
				COPY_PHASE_STRIP = NO;
				DEBUG_INFORMATION_FORMAT = "dwarf-with-dsym";
				ENABLE_NS_ASSERTIONS = NO;
				ENABLE_STRICT_OBJC_MSGSEND = YES;
				GCC_C_LANGUAGE_STANDARD = gnu11;
				GCC_NO_COMMON_BLOCKS = YES;
				GCC_WARN_64_TO_32_BIT_CONVERSION = YES;
				GCC_WARN_ABOUT_RETURN_TYPE = YES_ERROR;
				GCC_WARN_UNDECLARED_SELECTOR = YES;
				GCC_WARN_UNINITIALIZED_AUTOS = YES_AGGRESSIVE;
				GCC_WARN_UNUSED_FUNCTION = YES;
				GCC_WARN_UNUSED_VARIABLE = YES;
				IPHONEOS_DEPLOYMENT_TARGET = 16.2;
				MTL_ENABLE_DEBUG_INFO = NO;
				MTL_FAST_MATH = YES;
				SDKROOT = iphoneos;
				SWIFT_COMPILATION_MODE = wholemodule;
				SWIFT_OPTIMIZATION_LEVEL = "-O";
				VALIDATE_PRODUCT = YES;
			};
			name = Release;
		};
		886FF4E329E53D76000C7F6B /* Debug */ = {
			isa = XCBuildConfiguration;
			buildSettings = {
				ASSETCATALOG_COMPILER_APPICON_NAME = AppIcon;
				ASSETCATALOG_COMPILER_GLOBAL_ACCENT_COLOR_NAME = AccentColor;
				CODE_SIGN_STYLE = Automatic;
				CURRENT_PROJECT_VERSION = 1;
				DEVELOPMENT_TEAM = TN7MXMS9SZ;
				GENERATE_INFOPLIST_FILE = YES;
				INFOPLIST_FILE = RecipEase/Info.plist;
				INFOPLIST_KEY_UIApplicationSupportsIndirectInputEvents = YES;
				INFOPLIST_KEY_UILaunchStoryboardName = LaunchScreen;
				INFOPLIST_KEY_UIMainStoryboardFile = Main;
				INFOPLIST_KEY_UISupportedInterfaceOrientations = UIInterfaceOrientationPortrait;
				INFOPLIST_KEY_UISupportedInterfaceOrientations_iPad = "UIInterfaceOrientationLandscapeLeft UIInterfaceOrientationLandscapeRight UIInterfaceOrientationPortrait UIInterfaceOrientationPortraitUpsideDown";
				IPHONEOS_DEPLOYMENT_TARGET = 14.0;
				LD_RUNPATH_SEARCH_PATHS = (
					"$(inherited)",
					"@executable_path/Frameworks",
				);
				MARKETING_VERSION = 1.0;
				PRODUCT_BUNDLE_IDENTIFIER = com.pointblanktechllc.RecipEase;
				PRODUCT_NAME = "$(TARGET_NAME)";
				SUPPORTED_PLATFORMS = "iphoneos iphonesimulator";
				SUPPORTS_MACCATALYST = NO;
				SUPPORTS_MAC_DESIGNED_FOR_IPHONE_IPAD = YES;
				SWIFT_EMIT_LOC_STRINGS = YES;
				SWIFT_VERSION = 5.0;
				TARGETED_DEVICE_FAMILY = 1;
			};
			name = Debug;
		};
		886FF4E429E53D76000C7F6B /* Release */ = {
			isa = XCBuildConfiguration;
			buildSettings = {
				ASSETCATALOG_COMPILER_APPICON_NAME = AppIcon;
				ASSETCATALOG_COMPILER_GLOBAL_ACCENT_COLOR_NAME = AccentColor;
				CODE_SIGN_STYLE = Automatic;
				CURRENT_PROJECT_VERSION = 1;
				DEVELOPMENT_TEAM = TN7MXMS9SZ;
				GENERATE_INFOPLIST_FILE = YES;
				INFOPLIST_FILE = RecipEase/Info.plist;
				INFOPLIST_KEY_UIApplicationSupportsIndirectInputEvents = YES;
				INFOPLIST_KEY_UILaunchStoryboardName = LaunchScreen;
				INFOPLIST_KEY_UIMainStoryboardFile = Main;
				INFOPLIST_KEY_UISupportedInterfaceOrientations = UIInterfaceOrientationPortrait;
				INFOPLIST_KEY_UISupportedInterfaceOrientations_iPad = "UIInterfaceOrientationLandscapeLeft UIInterfaceOrientationLandscapeRight UIInterfaceOrientationPortrait UIInterfaceOrientationPortraitUpsideDown";
				IPHONEOS_DEPLOYMENT_TARGET = 14.0;
				LD_RUNPATH_SEARCH_PATHS = (
					"$(inherited)",
					"@executable_path/Frameworks",
				);
				MARKETING_VERSION = 1.0;
				PRODUCT_BUNDLE_IDENTIFIER = com.pointblanktechllc.RecipEase;
				PRODUCT_NAME = "$(TARGET_NAME)";
				SUPPORTED_PLATFORMS = "iphoneos iphonesimulator";
				SUPPORTS_MACCATALYST = NO;
				SUPPORTS_MAC_DESIGNED_FOR_IPHONE_IPAD = YES;
				SWIFT_EMIT_LOC_STRINGS = YES;
				SWIFT_VERSION = 5.0;
				TARGETED_DEVICE_FAMILY = 1;
			};
			name = Release;
		};
/* End XCBuildConfiguration section */

/* Begin XCConfigurationList section */
		886FF4C929E53D75000C7F6B /* Build configuration list for PBXProject "RecipEase" */ = {
			isa = XCConfigurationList;
			buildConfigurations = (
				886FF4E029E53D76000C7F6B /* Debug */,
				886FF4E129E53D76000C7F6B /* Release */,
			);
			defaultConfigurationIsVisible = 0;
			defaultConfigurationName = Release;
		};
		886FF4E229E53D76000C7F6B /* Build configuration list for PBXNativeTarget "RecipEase" */ = {
			isa = XCConfigurationList;
			buildConfigurations = (
				886FF4E329E53D76000C7F6B /* Debug */,
				886FF4E429E53D76000C7F6B /* Release */,
			);
			defaultConfigurationIsVisible = 0;
			defaultConfigurationName = Release;
		};
/* End XCConfigurationList section */
	};
	rootObject = 886FF4C629E53D75000C7F6B /* Project object */;
}
